
Microsoft Visual Studio Solution File, Format Version 12.00
# Visual Studio Version 17
VisualStudioVersion = 17.7.34031.279
MinimumVisualStudioVersion = 10.0.40219.1
Project("{8BC9CEB8-8B4A-11D0-8D11-00A0C91BC942}") = "WeatherStation", "WeatherStation\WeatherStation.vcxproj", "{257C8828-39FD-4E7E-A863-0EE5F8CB578D}"
EndProject
Project("{8BC9CEB8-8B4A-11D0-8D11-00A0C91BC942}") = "WeatherStation_tests", "WeatherStation_tests\WeatherStation_tests.vcxproj", "{6EF4B812-DF35-4801-A614-ABF1056B8D60}"
EndProject
Global
	GlobalSection(SolutionConfigurationPlatforms) = preSolution
		Debug|x64 = Debug|x64
		Debug|x86 = Debug|x86
		Release|x64 = Release|x64
		Release|x86 = Release|x86
	EndGlobalSection
	GlobalSection(ProjectConfigurationPlatforms) = postSolution
		{257C8828-39FD-4E7E-A863-0EE5F8CB578D}.Debug|x64.ActiveCfg = Debug|x64
		{257C8828-39FD-4E7E-A863-0EE5F8CB578D}.Debug|x64.Build.0 = Debug|x64
		{257C8828-39FD-4E7E-A863-0EE5F8CB578D}.Debug|x86.ActiveCfg = Debug|Win32
		{257C8828-39FD-4E7E-A863-0EE5F8CB578D}.Debug|x86.Build.0 = Debug|Win32
		{257C8828-39FD-4E7E-A863-0EE5F8CB578D}.Release|x64.ActiveCfg = Release|x64
		{257C8828-39FD-4E7E-A863-0EE5F8CB578D}.Release|x64.Build.0 = Release|x64
		{257C8828-39FD-4E7E-A863-0EE5F8CB578D}.Release|x86.ActiveCfg = Release|Win32
		{257C8828-39FD-4E7E-A863-0EE5F8CB578D}.Release|x86.Build.0 = Release|Win32
		{6EF4B812-DF35-4801-A614-ABF1056B8D60}.Debug|x64.ActiveCfg = Debug|x64
		{6EF4B812-DF35-4801-A614-ABF1056B8D60}.Debug|x64.Build.0 = Debug|x64
		{6EF4B812-DF35-4801-A614-ABF1056B8D60}.Debug|x86.ActiveCfg = Debug|Win32
		{6EF4B812-DF35-4801-A614-ABF1056B8D60}.Debug|x86.Build.0 = Debug|Win32
		{6EF4B812-DF35-4801-A614-ABF1056B8D60}.Release|x64.ActiveCfg = Release|x64
		{6EF4B812-DF35-4801-A614-ABF1056B8D60}.Release|x64.Build.0 = Release|x64
		{6EF4B812-DF35-4801-A614-ABF1056B8D60}.Release|x86.ActiveCfg = Release|Win32
		{6EF4B812-DF35-4801-A614-ABF1056B8D60}.Release|x86.Build.0 = Release|Win32
	EndGlobalSection
	GlobalSection(SolutionProperties) = preSolution
		HideSolutionNode = FALSE
	EndGlobalSection
	GlobalSection(ExtensibilityGlobals) = postSolution
		SolutionGuid = {FC5BDBA6-8321-4A96-8B5D-FDAFC353BC95}
	EndGlobalSection
EndGlobal
