
Microsoft Visual Studio Solution File, Format Version 12.00
# Visual Studio Version 17
VisualStudioVersion = 17.8.34309.116
MinimumVisualStudioVersion = 10.0.40219.1
Project("{8BC9CEB8-8B4A-11D0-8D11-00A0C91BC942}") = "lab7", "lab7\lab7.vcxproj", "{3FC9A673-39A1-48C8-8717-77DC0FC9A923}"
EndProject
Project("{8BC9CEB8-8B4A-11D0-8D11-00A0C91BC942}") = "lab7_tests", "lab7_tests\lab7_tests.vcxproj", "{2C7C8F1B-5D14-4138-923A-6C70F2E11125}"
EndProject
Global
	GlobalSection(SolutionConfigurationPlatforms) = preSolution
		Debug|x64 = Debug|x64
		Debug|x86 = Debug|x86
		Release|x64 = Release|x64
		Release|x86 = Release|x86
	EndGlobalSection
	GlobalSection(ProjectConfigurationPlatforms) = postSolution
		{3FC9A673-39A1-48C8-8717-77DC0FC9A923}.Debug|x64.ActiveCfg = Debug|x64
		{3FC9A673-39A1-48C8-8717-77DC0FC9A923}.Debug|x64.Build.0 = Debug|x64
		{3FC9A673-39A1-48C8-8717-77DC0FC9A923}.Debug|x86.ActiveCfg = Debug|Win32
		{3FC9A673-39A1-48C8-8717-77DC0FC9A923}.Debug|x86.Build.0 = Debug|Win32
		{3FC9A673-39A1-48C8-8717-77DC0FC9A923}.Release|x64.ActiveCfg = Release|x64
		{3FC9A673-39A1-48C8-8717-77DC0FC9A923}.Release|x64.Build.0 = Release|x64
		{3FC9A673-39A1-48C8-8717-77DC0FC9A923}.Release|x86.ActiveCfg = Release|Win32
		{3FC9A673-39A1-48C8-8717-77DC0FC9A923}.Release|x86.Build.0 = Release|Win32
		{2C7C8F1B-5D14-4138-923A-6C70F2E11125}.Debug|x64.ActiveCfg = Debug|x64
		{2C7C8F1B-5D14-4138-923A-6C70F2E11125}.Debug|x64.Build.0 = Debug|x64
		{2C7C8F1B-5D14-4138-923A-6C70F2E11125}.Debug|x86.ActiveCfg = Debug|Win32
		{2C7C8F1B-5D14-4138-923A-6C70F2E11125}.Debug|x86.Build.0 = Debug|Win32
		{2C7C8F1B-5D14-4138-923A-6C70F2E11125}.Release|x64.ActiveCfg = Release|x64
		{2C7C8F1B-5D14-4138-923A-6C70F2E11125}.Release|x64.Build.0 = Release|x64
		{2C7C8F1B-5D14-4138-923A-6C70F2E11125}.Release|x86.ActiveCfg = Release|Win32
		{2C7C8F1B-5D14-4138-923A-6C70F2E11125}.Release|x86.Build.0 = Release|Win32
	EndGlobalSection
	GlobalSection(SolutionProperties) = preSolution
		HideSolutionNode = FALSE
	EndGlobalSection
	GlobalSection(ExtensibilityGlobals) = postSolution
		SolutionGuid = {6A195D3D-065B-4846-B456-701EF7237394}
	EndGlobalSection
EndGlobal
